lockfileVersion: 5.3

specifiers:
  '@types/node': ^14.18.12
  jsonc-parser: ^3.0.0
  vscode-oniguruma: ^1.6.2
  vscode-textmate: 5.2.0

dependencies:
  jsonc-parser: 3.0.0
  vscode-oniguruma: 1.6.2
  vscode-textmate: 5.2.0

devDependencies:
  '@types/node': 14.18.12

packages:

  /@types/node/14.18.12:
    resolution: {integrity: sha512-q4jlIR71hUpWTnGhXWcakgkZeHa3CCjcQcnuzU8M891BAWA2jHiziiWEPEkdS5pFsz7H9HJiy8BrK7tBRNrY7A==}
    dev: true

  /jsonc-parser/3.0.0:
    resolution: {integrity: sha512-fQzRfAbIBnR0IQvftw9FJveWiHp72Fg20giDrHz6TdfB12UH/uue0D3hm57UB5KgAVuniLMCaS8P1IMj9NR7cA==}
    dev: false

  /vscode-oniguruma/1.6.2:
    resolution: {integrity: sha512-KH8+KKov5eS/9WhofZR8M8dMHWN2gTxjMsG4jd04YhpbPR91fUj7rYQ2/XjeHCJWbg7X++ApRIU9NUwM2vTvLA==}
    dev: false

  /vscode-textmate/5.2.0:
    resolution: {integrity: sha512-Uw5ooOQxRASHgu6C7GVvUxisKXfSgW4oFlO+aa+PAkgmH89O3CXxEEzNRNtHSqtXFTl0nAC1uYj0GMSH27uwtQ==}
    dev: false
